// !$*UTF8*$!
{
	archiveVersion = 1;
	classes = {
	};
	objectVersion = 46;
	objects = {

/* Begin PBXBuildFile section */
		43168C231CEFA6CE007A5630 /* high_importance.png in Resources */ = {isa = PBXBuildFile; fileRef = 43168C221CEFA6CE007A5630 /* high_importance.png */; };
		433EBD5C1CED5C7700623B66 /* up2_filled.png in Resources */ = {isa = PBXBuildFile; fileRef = 433EBD5B1CED5C7700623B66 /* up2_filled.png */; };
		4344FF691D11D3DF00C0C6F7 /* Reachability.m in Sources */ = {isa = PBXBuildFile; fileRef = 4344FF681D11D3DF00C0C6F7 /* Reachability.m */; };
		439BA0A51CEE5320005448E8 /* ListContainerViewController.m in Sources */ = {isa = PBXBuildFile; fileRef = 439BA0A41CEE5320005448E8 /* ListContainerViewController.m */; };
		439BA0A71CEE5FC1005448E8 /* GreetingView.xib in Resources */ = {isa = PBXBuildFile; fileRef = 439BA0A61CEE5FC1005448E8 /* GreetingView.xib */; };
		439BA0AA1CEE5FE5005448E8 /* GreetingView.m in Sources */ = {isa = PBXBuildFile; fileRef = 439BA0A91CEE5FE5005448E8 /* GreetingView.m */; };
		43C3C05E1CEB8D7A00E9BC84 /* DataAccessObject.m in Sources */ = {isa = PBXBuildFile; fileRef = 43C3C05D1CEB8D7A00E9BC84 /* DataAccessObject.m */; };
		43D016A11CEEB5BF007C3B29 /* WebViewController.m in Sources */ = {isa = PBXBuildFile; fileRef = 43D016A01CEEB5BF007C3B29 /* WebViewController.m */; };
		43FAA64F1D3446F3006B9F95 /* up2.png in Resources */ = {isa = PBXBuildFile; fileRef = 43FAA64E1D3446F3006B9F95 /* up2.png */; };
		43FAA6511D344919006B9F95 /* taptoadd3.png in Resources */ = {isa = PBXBuildFile; fileRef = 43FAA6501D344919006B9F95 /* taptoadd3.png */; };
		51A9AC9AB4AF7DFA5D7C922C /* libPods-MothersDayPlanner.a in Frameworks */ = {isa = PBXBuildFile; fileRef = C9121A79F0395FAF10688705 /* libPods-MothersDayPlanner.a */; };
		B35DEBAD1CDBCBAF0069E358 /* next.png in Resources */ = {isa = PBXBuildFile; fileRef = B35DEBAC1CDBCBAF0069E358 /* next.png */; };
		B35DEBAF1CDBCE440069E358 /* back.png in Resources */ = {isa = PBXBuildFile; fileRef = B35DEBAE1CDBCE440069E358 /* back.png */; };
		B35DEBB21CDBCEA60069E358 /* AddServiceTableViewController.m in Sources */ = {isa = PBXBuildFile; fileRef = B35DEBB11CDBCEA60069E358 /* AddServiceTableViewController.m */; };
		B35DEBB41CDBD5AB0069E358 /* save.png in Resources */ = {isa = PBXBuildFile; fileRef = B35DEBB31CDBD5AB0069E358 /* save.png */; };
		B35DEBB71CDBD8DB0069E358 /* MapsViewController.m in Sources */ = {isa = PBXBuildFile; fileRef = B35DEBB61CDBD8DB0069E358 /* MapsViewController.m */; };
		B35DEBBA1CDBDB2E0069E358 /* DetailsViewController.m in Sources */ = {isa = PBXBuildFile; fileRef = B35DEBB91CDBDB2E0069E358 /* DetailsViewController.m */; };
		B35DEBBC1CDBE4410069E358 /* time.png in Resources */ = {isa = PBXBuildFile; fileRef = B35DEBBB1CDBE4410069E358 /* time.png */; };
		B35DEBBE1CDBE6430069E358 /* note.png in Resources */ = {isa = PBXBuildFile; fileRef = B35DEBBD1CDBE6430069E358 /* note.png */; };
		B35DEBC31CDBEFE10069E358 /* CustomMarker.m in Sources */ = {isa = PBXBuildFile; fileRef = B35DEBC01CDBEFE10069E358 /* CustomMarker.m */; };
		B35DEBC41CDBEFE10069E358 /* CustomPinView.m in Sources */ = {isa = PBXBuildFile; fileRef = B35DEBC21CDBEFE10069E358 /* CustomPinView.m */; };
		B35DEBC61CDBF0210069E358 /* CustomPinView.xib in Resources */ = {isa = PBXBuildFile; fileRef = B35DEBC51CDBF0210069E358 /* CustomPinView.xib */; };
		B35DEBC81CDBF3800069E358 /* flowers.jpg in Resources */ = {isa = PBXBuildFile; fileRef = B35DEBC71CDBF3800069E358 /* flowers.jpg */; };
		B35DEBCA1CDBF3A40069E358 /* liq.jpg in Resources */ = {isa = PBXBuildFile; fileRef = B35DEBC91CDBF3A40069E358 /* liq.jpg */; };
		B35DEBCC1CDBF4110069E358 /* hair.jpg in Resources */ = {isa = PBXBuildFile; fileRef = B35DEBCB1CDBF4110069E358 /* hair.jpg */; };
		B35DEBCE1CDBF6300069E358 /* jew.jpg in Resources */ = {isa = PBXBuildFile; fileRef = B35DEBCD1CDBF6300069E358 /* jew.jpg */; };
		B3A423111CDBABDB006E0D1B /* main.m in Sources */ = {isa = PBXBuildFile; fileRef = B3A423101CDBABDB006E0D1B /* main.m */; };
		B3A423141CDBABDB006E0D1B /* AppDelegate.m in Sources */ = {isa = PBXBuildFile; fileRef = B3A423131CDBABDB006E0D1B /* AppDelegate.m */; };
		B3A4231A1CDBABDB006E0D1B /* Main.storyboard in Resources */ = {isa = PBXBuildFile; fileRef = B3A423181CDBABDB006E0D1B /* Main.storyboard */; };
		B3A4231C1CDBABDB006E0D1B /* Assets.xcassets in Resources */ = {isa = PBXBuildFile; fileRef = B3A4231B1CDBABDB006E0D1B /* Assets.xcassets */; };
		B3A4231F1CDBABDB006E0D1B /* LaunchScreen.storyboard in Resources */ = {isa = PBXBuildFile; fileRef = B3A4231D1CDBABDB006E0D1B /* LaunchScreen.storyboard */; };
		B3A423271CDBB75A006E0D1B /* spa_main.jpg in Resources */ = {isa = PBXBuildFile; fileRef = B3A423261CDBB75A006E0D1B /* spa_main.jpg */; };
		B3A4232A1CDBB8F2006E0D1B /* MainTableViewController.m in Sources */ = {isa = PBXBuildFile; fileRef = B3A423291CDBB8F2006E0D1B /* MainTableViewController.m */; };
		B3A4232D1CDBB90B006E0D1B /* CustomCell.m in Sources */ = {isa = PBXBuildFile; fileRef = B3A4232C1CDBB90B006E0D1B /* CustomCell.m */; };
		B3A423301CDBB996006E0D1B /* Service.m in Sources */ = {isa = PBXBuildFile; fileRef = B3A4232F1CDBB996006E0D1B /* Service.m */; };
		B3A423321CDBBE97006E0D1B /* callback_filled.png in Resources */ = {isa = PBXBuildFile; fileRef = B3A423311CDBBE97006E0D1B /* callback_filled.png */; };
		B3A423341CDBC8EB006E0D1B /* add_rule.png in Resources */ = {isa = PBXBuildFile; fileRef = B3A423331CDBC8EB006E0D1B /* add_rule.png */; };
		B3F2DA2D1CED053700ECC813 /* shoe_store_main.png in Resources */ = {isa = PBXBuildFile; fileRef = B3F2DA2C1CED053700ECC813 /* shoe_store_main.png */; };
		B3F2DA2F1CED08A300ECC813 /* beauty_main.png in Resources */ = {isa = PBXBuildFile; fileRef = B3F2DA2E1CED08A300ECC813 /* beauty_main.png */; };
		B3F2DA311CED096700ECC813 /* clothing_main.jpg in Resources */ = {isa = PBXBuildFile; fileRef = B3F2DA301CED096700ECC813 /* clothing_main.jpg */; };
/* End PBXBuildFile section */

/* Begin PBXFileReference section */
		43168C221CEFA6CE007A5630 /* high_importance.png */ = {isa = PBXFileReference; lastKnownFileType = image.png; path = high_importance.png; sourceTree = "<group>"; };
		433EBD5B1CED5C7700623B66 /* up2_filled.png */ = {isa = PBXFileReference; lastKnownFileType = image.png; path = up2_filled.png; sourceTree = "<group>"; };
		4344FF671D11D3DF00C0C6F7 /* Reachability.h */ = {isa = PBXFileReference; fileEncoding = 4; lastKnownFileType = sourcecode.c.h; path = Reachability.h; sourceTree = "<group>"; };
		4344FF681D11D3DF00C0C6F7 /* Reachability.m */ = {isa = PBXFileReference; fileEncoding = 4; lastKnownFileType = sourcecode.c.objc; path = Reachability.m; sourceTree = "<group>"; };
		439BA0A31CEE5320005448E8 /* ListContainerViewController.h */ = {isa = PBXFileReference; fileEncoding = 4; lastKnownFileType = sourcecode.c.h; path = ListContainerViewController.h; sourceTree = "<group>"; };
		439BA0A41CEE5320005448E8 /* ListContainerViewController.m */ = {isa = PBXFileReference; fileEncoding = 4; lastKnownFileType = sourcecode.c.objc; path = ListContainerViewController.m; sourceTree = "<group>"; };
		439BA0A61CEE5FC1005448E8 /* GreetingView.xib */ = {isa = PBXFileReference; fileEncoding = 4; lastKnownFileType = file.xib; path = GreetingView.xib; sourceTree = "<group>"; };
		439BA0A81CEE5FE5005448E8 /* GreetingView.h */ = {isa = PBXFileReference; fileEncoding = 4; lastKnownFileType = sourcecode.c.h; path = GreetingView.h; sourceTree = "<group>"; };
		439BA0A91CEE5FE5005448E8 /* GreetingView.m */ = {isa = PBXFileReference; fileEncoding = 4; lastKnownFileType = sourcecode.c.objc; path = GreetingView.m; sourceTree = "<group>"; };
		43C3C05C1CEB8D7A00E9BC84 /* DataAccessObject.h */ = {isa = PBXFileReference; fileEncoding = 4; lastKnownFileType = sourcecode.c.h; path = DataAccessObject.h; sourceTree = "<group>"; };
		43C3C05D1CEB8D7A00E9BC84 /* DataAccessObject.m */ = {isa = PBXFileReference; fileEncoding = 4; lastKnownFileType = sourcecode.c.objc; path = DataAccessObject.m; sourceTree = "<group>"; };
		43D0169F1CEEB5BF007C3B29 /* WebViewController.h */ = {isa = PBXFileReference; fileEncoding = 4; lastKnownFileType = sourcecode.c.h; path = WebViewController.h; sourceTree = "<group>"; };
		43D016A01CEEB5BF007C3B29 /* WebViewController.m */ = {isa = PBXFileReference; fileEncoding = 4; lastKnownFileType = sourcecode.c.objc; path = WebViewController.m; sourceTree = "<group>"; };
		43DA66311CED1CD000C92D2E /* Constants.h */ = {isa = PBXFileReference; lastKnownFileType = sourcecode.c.h; path = Constants.h; sourceTree = "<group>"; };
		43FAA64E1D3446F3006B9F95 /* up2.png */ = {isa = PBXFileReference; lastKnownFileType = image.png; path = up2.png; sourceTree = "<group>"; };
		43FAA6501D344919006B9F95 /* taptoadd3.png */ = {isa = PBXFileReference; lastKnownFileType = image.png; path = taptoadd3.png; sourceTree = "<group>"; };
		580C6AFD74138A863CC8DEEA /* Pods-MothersDayPlanner.release.xcconfig */ = {isa = PBXFileReference; includeInIndex = 1; lastKnownFileType = text.xcconfig; name = "Pods-MothersDayPlanner.release.xcconfig"; path = "Pods/Target Support Files/Pods-MothersDayPlanner/Pods-MothersDayPlanner.release.xcconfig"; sourceTree = "<group>"; };
		B35DEBAC1CDBCBAF0069E358 /* next.png */ = {isa = PBXFileReference; lastKnownFileType = image.png; path = next.png; sourceTree = "<group>"; };
		B35DEBAE1CDBCE440069E358 /* back.png */ = {isa = PBXFileReference; lastKnownFileType = image.png; path = back.png; sourceTree = "<group>"; };
		B35DEBB01CDBCEA60069E358 /* AddServiceTableViewController.h */ = {isa = PBXFileReference; fileEncoding = 4; lastKnownFileType = sourcecode.c.h; path = AddServiceTableViewController.h; sourceTree = "<group>"; };
		B35DEBB11CDBCEA60069E358 /* AddServiceTableViewController.m */ = {isa = PBXFileReference; fileEncoding = 4; lastKnownFileType = sourcecode.c.objc; path = AddServiceTableViewController.m; sourceTree = "<group>"; };
		B35DEBB31CDBD5AB0069E358 /* save.png */ = {isa = PBXFileReference; lastKnownFileType = image.png; path = save.png; sourceTree = "<group>"; };
		B35DEBB51CDBD8DB0069E358 /* MapsViewController.h */ = {isa = PBXFileReference; fileEncoding = 4; lastKnownFileType = sourcecode.c.h; path = MapsViewController.h; sourceTree = "<group>"; };
		B35DEBB61CDBD8DB0069E358 /* MapsViewController.m */ = {isa = PBXFileReference; fileEncoding = 4; lastKnownFileType = sourcecode.c.objc; path = MapsViewController.m; sourceTree = "<group>"; };
		B35DEBB81CDBDB2E0069E358 /* DetailsViewController.h */ = {isa = PBXFileReference; fileEncoding = 4; lastKnownFileType = sourcecode.c.h; path = DetailsViewController.h; sourceTree = "<group>"; };
		B35DEBB91CDBDB2E0069E358 /* DetailsViewController.m */ = {isa = PBXFileReference; fileEncoding = 4; lastKnownFileType = sourcecode.c.objc; path = DetailsViewController.m; sourceTree = "<group>"; };
		B35DEBBB1CDBE4410069E358 /* time.png */ = {isa = PBXFileReference; lastKnownFileType = image.png; path = time.png; sourceTree = "<group>"; };
		B35DEBBD1CDBE6430069E358 /* note.png */ = {isa = PBXFileReference; lastKnownFileType = image.png; path = note.png; sourceTree = "<group>"; };
		B35DEBBF1CDBEFE10069E358 /* CustomMarker.h */ = {isa = PBXFileReference; fileEncoding = 4; lastKnownFileType = sourcecode.c.h; path = CustomMarker.h; sourceTree = "<group>"; };
		B35DEBC01CDBEFE10069E358 /* CustomMarker.m */ = {isa = PBXFileReference; fileEncoding = 4; lastKnownFileType = sourcecode.c.objc; path = CustomMarker.m; sourceTree = "<group>"; };
		B35DEBC11CDBEFE10069E358 /* CustomPinView.h */ = {isa = PBXFileReference; fileEncoding = 4; lastKnownFileType = sourcecode.c.h; path = CustomPinView.h; sourceTree = "<group>"; };
		B35DEBC21CDBEFE10069E358 /* CustomPinView.m */ = {isa = PBXFileReference; fileEncoding = 4; lastKnownFileType = sourcecode.c.objc; path = CustomPinView.m; sourceTree = "<group>"; };
		B35DEBC51CDBF0210069E358 /* CustomPinView.xib */ = {isa = PBXFileReference; fileEncoding = 4; lastKnownFileType = file.xib; path = CustomPinView.xib; sourceTree = "<group>"; };
		B35DEBC71CDBF3800069E358 /* flowers.jpg */ = {isa = PBXFileReference; lastKnownFileType = image.jpeg; path = flowers.jpg; sourceTree = "<group>"; };
		B35DEBC91CDBF3A40069E358 /* liq.jpg */ = {isa = PBXFileReference; lastKnownFileType = image.jpeg; path = liq.jpg; sourceTree = "<group>"; };
		B35DEBCB1CDBF4110069E358 /* hair.jpg */ = {isa = PBXFileReference; lastKnownFileType = image.jpeg; path = hair.jpg; sourceTree = "<group>"; };
		B35DEBCD1CDBF6300069E358 /* jew.jpg */ = {isa = PBXFileReference; lastKnownFileType = image.jpeg; path = jew.jpg; sourceTree = "<group>"; };
		B3A4230C1CDBABDB006E0D1B /* MothersDayPlanner.app */ = {isa = PBXFileReference; explicitFileType = wrapper.application; includeInIndex = 0; path = MothersDayPlanner.app; sourceTree = BUILT_PRODUCTS_DIR; };
		B3A423101CDBABDB006E0D1B /* main.m */ = {isa = PBXFileReference; lastKnownFileType = sourcecode.c.objc; path = main.m; sourceTree = "<group>"; };
		B3A423121CDBABDB006E0D1B /* AppDelegate.h */ = {isa = PBXFileReference; lastKnownFileType = sourcecode.c.h; path = AppDelegate.h; sourceTree = "<group>"; };
		B3A423131CDBABDB006E0D1B /* AppDelegate.m */ = {isa = PBXFileReference; lastKnownFileType = sourcecode.c.objc; path = AppDelegate.m; sourceTree = "<group>"; };
		B3A423191CDBABDB006E0D1B /* Base */ = {isa = PBXFileReference; lastKnownFileType = file.storyboard; name = Base; path = Base.lproj/Main.storyboard; sourceTree = "<group>"; };
		B3A4231B1CDBABDB006E0D1B /* Assets.xcassets */ = {isa = PBXFileReference; lastKnownFileType = folder.assetcatalog; path = Assets.xcassets; sourceTree = "<group>"; };
		B3A4231E1CDBABDB006E0D1B /* Base */ = {isa = PBXFileReference; lastKnownFileType = file.storyboard; name = Base; path = Base.lproj/LaunchScreen.storyboard; sourceTree = "<group>"; };
		B3A423201CDBABDB006E0D1B /* Info.plist */ = {isa = PBXFileReference; lastKnownFileType = text.plist.xml; path = Info.plist; sourceTree = "<group>"; };
		B3A423261CDBB75A006E0D1B /* spa_main.jpg */ = {isa = PBXFileReference; lastKnownFileType = image.jpeg; path = spa_main.jpg; sourceTree = "<group>"; };
		B3A423281CDBB8F2006E0D1B /* MainTableViewController.h */ = {isa = PBXFileReference; fileEncoding = 4; lastKnownFileType = sourcecode.c.h; path = MainTableViewController.h; sourceTree = "<group>"; };
		B3A423291CDBB8F2006E0D1B /* MainTableViewController.m */ = {isa = PBXFileReference; fileEncoding = 4; lastKnownFileType = sourcecode.c.objc; path = MainTableViewController.m; sourceTree = "<group>"; };
		B3A4232B1CDBB90B006E0D1B /* CustomCell.h */ = {isa = PBXFileReference; fileEncoding = 4; lastKnownFileType = sourcecode.c.h; path = CustomCell.h; sourceTree = "<group>"; };
		B3A4232C1CDBB90B006E0D1B /* CustomCell.m */ = {isa = PBXFileReference; fileEncoding = 4; lastKnownFileType = sourcecode.c.objc; path = CustomCell.m; sourceTree = "<group>"; };
		B3A4232E1CDBB996006E0D1B /* Service.h */ = {isa = PBXFileReference; fileEncoding = 4; lastKnownFileType = sourcecode.c.h; path = Service.h; sourceTree = "<group>"; };
		B3A4232F1CDBB996006E0D1B /* Service.m */ = {isa = PBXFileReference; fileEncoding = 4; lastKnownFileType = sourcecode.c.objc; path = Service.m; sourceTree = "<group>"; };
		B3A423311CDBBE97006E0D1B /* callback_filled.png */ = {isa = PBXFileReference; lastKnownFileType = image.png; path = callback_filled.png; sourceTree = "<group>"; };
		B3A423331CDBC8EB006E0D1B /* add_rule.png */ = {isa = PBXFileReference; lastKnownFileType = image.png; path = add_rule.png; sourceTree = "<group>"; };
		B3F2DA2C1CED053700ECC813 /* shoe_store_main.png */ = {isa = PBXFileReference; lastKnownFileType = image.png; path = shoe_store_main.png; sourceTree = "<group>"; };
		B3F2DA2E1CED08A300ECC813 /* beauty_main.png */ = {isa = PBXFileReference; lastKnownFileType = image.png; path = beauty_main.png; sourceTree = "<group>"; };
		B3F2DA301CED096700ECC813 /* clothing_main.jpg */ = {isa = PBXFileReference; lastKnownFileType = image.jpeg; path = clothing_main.jpg; sourceTree = "<group>"; };
		C9121A79F0395FAF10688705 /* libPods-MothersDayPlanner.a */ = {isa = PBXFileReference; explicitFileType = archive.ar; includeInIndex = 0; path = "libPods-MothersDayPlanner.a"; sourceTree = BUILT_PRODUCTS_DIR; };
		EBE7E50859418D79E7E40B7D /* Pods-MothersDayPlanner.debug.xcconfig */ = {isa = PBXFileReference; includeInIndex = 1; lastKnownFileType = text.xcconfig; name = "Pods-MothersDayPlanner.debug.xcconfig"; path = "Pods/Target Support Files/Pods-MothersDayPlanner/Pods-MothersDayPlanner.debug.xcconfig"; sourceTree = "<group>"; };
/* End PBXFileReference section */

/* Begin PBXFrameworksBuildPhase section */
		B3A423091CDBABDB006E0D1B /* Frameworks */ = {
			isa = PBXFrameworksBuildPhase;
			buildActionMask = 2147483647;
			files = (
				51A9AC9AB4AF7DFA5D7C922C /* libPods-MothersDayPlanner.a in Frameworks */,
			);
			runOnlyForDeploymentPostprocessing = 0;
		};
/* End PBXFrameworksBuildPhase section */

/* Begin PBXGroup section */
		4324D64C1CEA927000EB688A /* Controller */ = {
			isa = PBXGroup;
			children = (
				4324D6501CEA92B200EB688A /* CustomControllers */,
				43D0169D1CEEB589007C3B29 /* Main Controllers */,
				43DA66321CED1D3700C92D2E /* Containers */,
				43D0169E1CEEB59F007C3B29 /* Web */,
			);
			name = Controller;
			sourceTree = "<group>";
		};
		4324D64D1CEA927200EB688A /* View */ = {
			isa = PBXGroup;
			children = (
				B3A423181CDBABDB006E0D1B /* Main.storyboard */,
				B3A4231D1CDBABDB006E0D1B /* LaunchScreen.storyboard */,
				B35DEBC51CDBF0210069E358 /* CustomPinView.xib */,
				439BA0A61CEE5FC1005448E8 /* GreetingView.xib */,
			);
			name = View;
			sourceTree = "<group>";
		};
		4324D64E1CEA927400EB688A /* Model */ = {
			isa = PBXGroup;
			children = (
				43C3C05C1CEB8D7A00E9BC84 /* DataAccessObject.h */,
				43C3C05D1CEB8D7A00E9BC84 /* DataAccessObject.m */,
				B3A4232E1CDBB996006E0D1B /* Service.h */,
				B3A4232F1CDBB996006E0D1B /* Service.m */,
				43F2A24F1D10A67C00E8F8CE /* Reachability */,
			);
			name = Model;
			sourceTree = "<group>";
		};
		4324D64F1CEA928000EB688A /* Delegate */ = {
			isa = PBXGroup;
			children = (
				B3A423121CDBABDB006E0D1B /* AppDelegate.h */,
				B3A423131CDBABDB006E0D1B /* AppDelegate.m */,
			);
			name = Delegate;
			sourceTree = "<group>";
		};
		4324D6501CEA92B200EB688A /* CustomControllers */ = {
			isa = PBXGroup;
			children = (
				B3A4232B1CDBB90B006E0D1B /* CustomCell.h */,
				B3A4232C1CDBB90B006E0D1B /* CustomCell.m */,
				B35DEBBF1CDBEFE10069E358 /* CustomMarker.h */,
				B35DEBC01CDBEFE10069E358 /* CustomMarker.m */,
				B35DEBC11CDBEFE10069E358 /* CustomPinView.h */,
				B35DEBC21CDBEFE10069E358 /* CustomPinView.m */,
				439BA0A81CEE5FE5005448E8 /* GreetingView.h */,
				439BA0A91CEE5FE5005448E8 /* GreetingView.m */,
			);
			name = CustomControllers;
			sourceTree = "<group>";
		};
		43D0169D1CEEB589007C3B29 /* Main Controllers */ = {
			isa = PBXGroup;
			children = (
				B3A423281CDBB8F2006E0D1B /* MainTableViewController.h */,
				B3A423291CDBB8F2006E0D1B /* MainTableViewController.m */,
				B35DEBB01CDBCEA60069E358 /* AddServiceTableViewController.h */,
				B35DEBB11CDBCEA60069E358 /* AddServiceTableViewController.m */,
				B35DEBB51CDBD8DB0069E358 /* MapsViewController.h */,
				B35DEBB61CDBD8DB0069E358 /* MapsViewController.m */,
				B35DEBB81CDBDB2E0069E358 /* DetailsViewController.h */,
				B35DEBB91CDBDB2E0069E358 /* DetailsViewController.m */,
			);
			name = "Main Controllers";
			sourceTree = "<group>";
		};
		43D0169E1CEEB59F007C3B29 /* Web */ = {
			isa = PBXGroup;
			children = (
				43D0169F1CEEB5BF007C3B29 /* WebViewController.h */,
				43D016A01CEEB5BF007C3B29 /* WebViewController.m */,
			);
			name = Web;
			sourceTree = "<group>";
		};
		43DA66321CED1D3700C92D2E /* Containers */ = {
			isa = PBXGroup;
			children = (
				439BA0A31CEE5320005448E8 /* ListContainerViewController.h */,
				439BA0A41CEE5320005448E8 /* ListContainerViewController.m */,
			);
			name = Containers;
			sourceTree = "<group>";
		};
		43F2A24F1D10A67C00E8F8CE /* Reachability */ = {
			isa = PBXGroup;
			children = (
				4344FF671D11D3DF00C0C6F7 /* Reachability.h */,
				4344FF681D11D3DF00C0C6F7 /* Reachability.m */,
			);
			name = Reachability;
			sourceTree = "<group>";
		};
		5CB608B59F924A877452E561 /* Pods */ = {
			isa = PBXGroup;
			children = (
				EBE7E50859418D79E7E40B7D /* Pods-MothersDayPlanner.debug.xcconfig */,
				580C6AFD74138A863CC8DEEA /* Pods-MothersDayPlanner.release.xcconfig */,
			);
			name = Pods;
			sourceTree = "<group>";
		};
		B3A423031CDBABDB006E0D1B = {
			isa = PBXGroup;
			children = (
				B3A4230E1CDBABDB006E0D1B /* MothersDayPlanner */,
				B3A4230D1CDBABDB006E0D1B /* Products */,
				5CB608B59F924A877452E561 /* Pods */,
				B41E5AEBCF3E6A9D0EBEDBC5 /* Frameworks */,
			);
			sourceTree = "<group>";
		};
		B3A4230D1CDBABDB006E0D1B /* Products */ = {
			isa = PBXGroup;
			children = (
				B3A4230C1CDBABDB006E0D1B /* MothersDayPlanner.app */,
			);
			name = Products;
			sourceTree = "<group>";
		};
		B3A4230E1CDBABDB006E0D1B /* MothersDayPlanner */ = {
			isa = PBXGroup;
			children = (
				43DA66311CED1CD000C92D2E /* Constants.h */,
				4324D64E1CEA927400EB688A /* Model */,
				4324D64D1CEA927200EB688A /* View */,
				4324D64C1CEA927000EB688A /* Controller */,
				4324D64F1CEA928000EB688A /* Delegate */,
				B3A4231B1CDBABDB006E0D1B /* Assets.xcassets */,
				43FAA6501D344919006B9F95 /* taptoadd3.png */,
				43FAA64E1D3446F3006B9F95 /* up2.png */,
				43168C221CEFA6CE007A5630 /* high_importance.png */,
				433EBD5B1CED5C7700623B66 /* up2_filled.png */,
				B3F2DA301CED096700ECC813 /* clothing_main.jpg */,
				B3F2DA2E1CED08A300ECC813 /* beauty_main.png */,
				B3F2DA2C1CED053700ECC813 /* shoe_store_main.png */,
				B3A423261CDBB75A006E0D1B /* spa_main.jpg */,
				B3A423311CDBBE97006E0D1B /* callback_filled.png */,
				B3A423331CDBC8EB006E0D1B /* add_rule.png */,
				B35DEBAC1CDBCBAF0069E358 /* next.png */,
				B35DEBAE1CDBCE440069E358 /* back.png */,
				B35DEBB31CDBD5AB0069E358 /* save.png */,
				B35DEBBB1CDBE4410069E358 /* time.png */,
				B35DEBBD1CDBE6430069E358 /* note.png */,
				B35DEBC71CDBF3800069E358 /* flowers.jpg */,
				B35DEBC91CDBF3A40069E358 /* liq.jpg */,
				B35DEBCB1CDBF4110069E358 /* hair.jpg */,
				B35DEBCD1CDBF6300069E358 /* jew.jpg */,
				B3A423201CDBABDB006E0D1B /* Info.plist */,
				B3A4230F1CDBABDB006E0D1B /* Supporting Files */,
			);
			path = MothersDayPlanner;
			sourceTree = "<group>";
		};
		B3A4230F1CDBABDB006E0D1B /* Supporting Files */ = {
			isa = PBXGroup;
			children = (
				B3A423101CDBABDB006E0D1B /* main.m */,
			);
			name = "Supporting Files";
			sourceTree = "<group>";
		};
		B41E5AEBCF3E6A9D0EBEDBC5 /* Frameworks */ = {
			isa = PBXGroup;
			children = (
				C9121A79F0395FAF10688705 /* libPods-MothersDayPlanner.a */,
			);
			name = Frameworks;
			sourceTree = "<group>";
		};
/* End PBXGroup section */

/* Begin PBXNativeTarget section */
		B3A4230B1CDBABDB006E0D1B /* MothersDayPlanner */ = {
			isa = PBXNativeTarget;
			buildConfigurationList = B3A423231CDBABDB006E0D1B /* Build configuration list for PBXNativeTarget "MothersDayPlanner" */;
			buildPhases = (
				7E71DB9E3BCA5A16B932F3B0 /* 📦 Check Pods Manifest.lock */,
				B3A423081CDBABDB006E0D1B /* Sources */,
				B3A423091CDBABDB006E0D1B /* Frameworks */,
				B3A4230A1CDBABDB006E0D1B /* Resources */,
				90831370CCB7283D196FFA9D /* 📦 Embed Pods Frameworks */,
				49C8757DDD979AB6F420851E /* 📦 Copy Pods Resources */,
				591E46E2ABB22B5C920C70C0 /* Embed Pods Frameworks */,
			);
			buildRules = (
			);
			dependencies = (
			);
			name = MothersDayPlanner;
			productName = MothersDayPlanner;
			productReference = B3A4230C1CDBABDB006E0D1B /* MothersDayPlanner.app */;
			productType = "com.apple.product-type.application";
		};
/* End PBXNativeTarget section */

/* Begin PBXProject section */
		B3A423041CDBABDB006E0D1B /* Project object */ = {
			isa = PBXProject;
			attributes = {
				LastUpgradeCheck = 0730;
				ORGANIZATIONNAME = "V-RGB";
				TargetAttributes = {
					B3A4230B1CDBABDB006E0D1B = {
						CreatedOnToolsVersion = 7.3;
						DevelopmentTeam = PU9PMM99H2;
					};
				};
			};
			buildConfigurationList = B3A423071CDBABDB006E0D1B /* Build configuration list for PBXProject "MothersDayPlanner" */;
			compatibilityVersion = "Xcode 3.2";
			developmentRegion = English;
			hasScannedForEncodings = 0;
			knownRegions = (
				en,
				Base,
			);
			mainGroup = B3A423031CDBABDB006E0D1B;
			productRefGroup = B3A4230D1CDBABDB006E0D1B /* Products */;
			projectDirPath = "";
			projectRoot = "";
			targets = (
				B3A4230B1CDBABDB006E0D1B /* MothersDayPlanner */,
			);
		};
/* End PBXProject section */

/* Begin PBXResourcesBuildPhase section */
		B3A4230A1CDBABDB006E0D1B /* Resources */ = {
			isa = PBXResourcesBuildPhase;
			buildActionMask = 2147483647;
			files = (
				439BA0A71CEE5FC1005448E8 /* GreetingView.xib in Resources */,
				B35DEBCC1CDBF4110069E358 /* hair.jpg in Resources */,
				B35DEBAD1CDBCBAF0069E358 /* next.png in Resources */,
				B3A4231F1CDBABDB006E0D1B /* LaunchScreen.storyboard in Resources */,
				B35DEBB41CDBD5AB0069E358 /* save.png in Resources */,
				43168C231CEFA6CE007A5630 /* high_importance.png in Resources */,
				B3A4231C1CDBABDB006E0D1B /* Assets.xcassets in Resources */,
				B35DEBBE1CDBE6430069E358 /* note.png in Resources */,
				B3A423271CDBB75A006E0D1B /* spa_main.jpg in Resources */,
				433EBD5C1CED5C7700623B66 /* up2_filled.png in Resources */,
				B35DEBC81CDBF3800069E358 /* flowers.jpg in Resources */,
				B3F2DA2D1CED053700ECC813 /* shoe_store_main.png in Resources */,
				B35DEBAF1CDBCE440069E358 /* back.png in Resources */,
				B35DEBCE1CDBF6300069E358 /* jew.jpg in Resources */,
				43FAA6511D344919006B9F95 /* taptoadd3.png in Resources */,
				B35DEBBC1CDBE4410069E358 /* time.png in Resources */,
				B3A423341CDBC8EB006E0D1B /* add_rule.png in Resources */,
				B3A423321CDBBE97006E0D1B /* callback_filled.png in Resources */,
				B3A4231A1CDBABDB006E0D1B /* Main.storyboard in Resources */,
				B3F2DA311CED096700ECC813 /* clothing_main.jpg in Resources */,
				B35DEBC61CDBF0210069E358 /* CustomPinView.xib in Resources */,
				43FAA64F1D3446F3006B9F95 /* up2.png in Resources */,
				B3F2DA2F1CED08A300ECC813 /* beauty_main.png in Resources */,
				B35DEBCA1CDBF3A40069E358 /* liq.jpg in Resources */,
			);
			runOnlyForDeploymentPostprocessing = 0;
		};
/* End PBXResourcesBuildPhase section */

/* Begin PBXShellScriptBuildPhase section */
		49C8757DDD979AB6F420851E /* 📦 Copy Pods Resources */ = {
			isa = PBXShellScriptBuildPhase;
			buildActionMask = 2147483647;
			files = (
			);
			inputPaths = (
			);
			name = "📦 Copy Pods Resources";
			outputPaths = (
			);
			runOnlyForDeploymentPostprocessing = 0;
			shellPath = /bin/sh;
			shellScript = "\"${SRCROOT}/Pods/Target Support Files/Pods-MothersDayPlanner/Pods-MothersDayPlanner-resources.sh\"\n";
			showEnvVarsInLog = 0;
		};
		591E46E2ABB22B5C920C70C0 /* Embed Pods Frameworks */ = {
			isa = PBXShellScriptBuildPhase;
			buildActionMask = 2147483647;
			files = (
			);
			inputPaths = (
			);
			name = "Embed Pods Frameworks";
			outputPaths = (
			);
			runOnlyForDeploymentPostprocessing = 0;
			shellPath = /bin/sh;
			shellScript = "\"${SRCROOT}/Pods/Target Support Files/Pods-MothersDayPlanner/Pods-MothersDayPlanner-frameworks.sh\"\n";
			showEnvVarsInLog = 0;
		};
		7E71DB9E3BCA5A16B932F3B0 /* 📦 Check Pods Manifest.lock */ = {
			isa = PBXShellScriptBuildPhase;
			buildActionMask = 2147483647;
			files = (
			);
			inputPaths = (
			);
			name = "📦 Check Pods Manifest.lock";
			outputPaths = (
			);
			runOnlyForDeploymentPostprocessing = 0;
			shellPath = /bin/sh;
			shellScript = "diff \"${PODS_ROOT}/../Podfile.lock\" \"${PODS_ROOT}/Manifest.lock\" > /dev/null\nif [[ $? != 0 ]] ; then\n    cat << EOM\nerror: The sandbox is not in sync with the Podfile.lock. Run 'pod install' or update your CocoaPods installation.\nEOM\n    exit 1\nfi\n";
			showEnvVarsInLog = 0;
		};
		90831370CCB7283D196FFA9D /* 📦 Embed Pods Frameworks */ = {
			isa = PBXShellScriptBuildPhase;
			buildActionMask = 2147483647;
			files = (
			);
			inputPaths = (
			);
			name = "📦 Embed Pods Frameworks";
			outputPaths = (
			);
			runOnlyForDeploymentPostprocessing = 0;
			shellPath = /bin/sh;
			shellScript = "\"${SRCROOT}/Pods/Target Support Files/Pods-MothersDayPlanner/Pods-MothersDayPlanner-frameworks.sh\"\n";
			showEnvVarsInLog = 0;
		};
/* End PBXShellScriptBuildPhase section */

/* Begin PBXSourcesBuildPhase section */
		B3A423081CDBABDB006E0D1B /* Sources */ = {
			isa = PBXSourcesBuildPhase;
			buildActionMask = 2147483647;
			files = (
				B3A423301CDBB996006E0D1B /* Service.m in Sources */,
				43D016A11CEEB5BF007C3B29 /* WebViewController.m in Sources */,
				439BA0AA1CEE5FE5005448E8 /* GreetingView.m in Sources */,
				B35DEBC41CDBEFE10069E358 /* CustomPinView.m in Sources */,
				4344FF691D11D3DF00C0C6F7 /* Reachability.m in Sources */,
				B3A423141CDBABDB006E0D1B /* AppDelegate.m in Sources */,
				B3A423111CDBABDB006E0D1B /* main.m in Sources */,
				B35DEBB21CDBCEA60069E358 /* AddServiceTableViewController.m in Sources */,
				B35DEBB71CDBD8DB0069E358 /* MapsViewController.m in Sources */,
				439BA0A51CEE5320005448E8 /* ListContainerViewController.m in Sources */,
				B3A4232D1CDBB90B006E0D1B /* CustomCell.m in Sources */,
				B35DEBC31CDBEFE10069E358 /* CustomMarker.m in Sources */,
				B3A4232A1CDBB8F2006E0D1B /* MainTableViewController.m in Sources */,
				43C3C05E1CEB8D7A00E9BC84 /* DataAccessObject.m in Sources */,
				B35DEBBA1CDBDB2E0069E358 /* DetailsViewController.m in Sources */,
			);
			runOnlyForDeploymentPostprocessing = 0;
		};
/* End PBXSourcesBuildPhase section */

/* Begin PBXVariantGroup section */
		B3A423181CDBABDB006E0D1B /* Main.storyboard */ = {
			isa = PBXVariantGroup;
			children = (
				B3A423191CDBABDB006E0D1B /* Base */,
			);
			name = Main.storyboard;
			sourceTree = "<group>";
		};
		B3A4231D1CDBABDB006E0D1B /* LaunchScreen.storyboard */ = {
			isa = PBXVariantGroup;
			children = (
				B3A4231E1CDBABDB006E0D1B /* Base */,
			);
			name = LaunchScreen.storyboard;
			sourceTree = "<group>";
		};
/* End PBXVariantGroup section */

/* Begin XCBuildConfiguration section */
		B3A423211CDBABDB006E0D1B /* Debug */ = {
			isa = XCBuildConfiguration;
			buildSettings = {
				ALWAYS_SEARCH_USER_PATHS = NO;
				CLANG_ANALYZER_NONNULL = YES;
				CLANG_CXX_LANGUAGE_STANDARD = "gnu++0x";
				CLANG_CXX_LIBRARY = "libc++";
				CLANG_ENABLE_MODULES = YES;
				CLANG_ENABLE_OBJC_ARC = YES;
				CLANG_WARN_BOOL_CONVERSION = YES;
				CLANG_WARN_CONSTANT_CONVERSION = YES;
				CLANG_WARN_DIRECT_OBJC_ISA_USAGE = YES_ERROR;
				CLANG_WARN_EMPTY_BODY = YES;
				CLANG_WARN_ENUM_CONVERSION = YES;
				CLANG_WARN_INT_CONVERSION = YES;
				CLANG_WARN_OBJC_ROOT_CLASS = YES_ERROR;
				CLANG_WARN_UNREACHABLE_CODE = YES;
				CLANG_WARN__DUPLICATE_METHOD_MATCH = YES;
				"CODE_SIGN_IDENTITY[sdk=iphoneos*]" = "iPhone Developer";
				COPY_PHASE_STRIP = NO;
				DEBUG_INFORMATION_FORMAT = dwarf;
				ENABLE_STRICT_OBJC_MSGSEND = YES;
				ENABLE_TESTABILITY = YES;
				GCC_C_LANGUAGE_STANDARD = gnu99;
				GCC_DYNAMIC_NO_PIC = NO;
				GCC_NO_COMMON_BLOCKS = YES;
				GCC_OPTIMIZATION_LEVEL = 0;
				GCC_PREPROCESSOR_DEFINITIONS = (
					"DEBUG=1",
					"$(inherited)",
				);
				GCC_WARN_64_TO_32_BIT_CONVERSION = YES;
				GCC_WARN_ABOUT_RETURN_TYPE = YES_ERROR;
				GCC_WARN_UNDECLARED_SELECTOR = YES;
				GCC_WARN_UNINITIALIZED_AUTOS = YES_AGGRESSIVE;
				GCC_WARN_UNUSED_FUNCTION = YES;
				GCC_WARN_UNUSED_VARIABLE = YES;
				IPHONEOS_DEPLOYMENT_TARGET = 9.3;
				MTL_ENABLE_DEBUG_INFO = YES;
				ONLY_ACTIVE_ARCH = YES;
				SDKROOT = iphoneos;
				TARGETED_DEVICE_FAMILY = "1,2";
			};
			name = Debug;
		};
		B3A423221CDBABDB006E0D1B /* Release */ = {
			isa = XCBuildConfiguration;
			buildSettings = {
				ALWAYS_SEARCH_USER_PATHS = NO;
				CLANG_ANALYZER_NONNULL = YES;
				CLANG_CXX_LANGUAGE_STANDARD = "gnu++0x";
				CLANG_CXX_LIBRARY = "libc++";
				CLANG_ENABLE_MODULES = YES;
				CLANG_ENABLE_OBJC_ARC = YES;
				CLANG_WARN_BOOL_CONVERSION = YES;
				CLANG_WARN_CONSTANT_CONVERSION = YES;
				CLANG_WARN_DIRECT_OBJC_ISA_USAGE = YES_ERROR;
				CLANG_WARN_EMPTY_BODY = YES;
				CLANG_WARN_ENUM_CONVERSION = YES;
				CLANG_WARN_INT_CONVERSION = YES;
				CLANG_WARN_OBJC_ROOT_CLASS = YES_ERROR;
				CLANG_WARN_UNREACHABLE_CODE = YES;
				CLANG_WARN__DUPLICATE_METHOD_MATCH = YES;
				"CODE_SIGN_IDENTITY[sdk=iphoneos*]" = "iPhone Developer";
				COPY_PHASE_STRIP = NO;
				DEBUG_INFORMATION_FORMAT = "dwarf-with-dsym";
				ENABLE_NS_ASSERTIONS = NO;
				ENABLE_STRICT_OBJC_MSGSEND = YES;
				GCC_C_LANGUAGE_STANDARD = gnu99;
				GCC_NO_COMMON_BLOCKS = YES;
				GCC_WARN_64_TO_32_BIT_CONVERSION = YES;
				GCC_WARN_ABOUT_RETURN_TYPE = YES_ERROR;
				GCC_WARN_UNDECLARED_SELECTOR = YES;
				GCC_WARN_UNINITIALIZED_AUTOS = YES_AGGRESSIVE;
				GCC_WARN_UNUSED_FUNCTION = YES;
				GCC_WARN_UNUSED_VARIABLE = YES;
				IPHONEOS_DEPLOYMENT_TARGET = 9.3;
				MTL_ENABLE_DEBUG_INFO = NO;
				SDKROOT = iphoneos;
				TARGETED_DEVICE_FAMILY = "1,2";
				VALIDATE_PRODUCT = YES;
			};
			name = Release;
		};
		B3A423241CDBABDB006E0D1B /* Debug */ = {
			isa = XCBuildConfiguration;
			baseConfigurationReference = EBE7E50859418D79E7E40B7D /* Pods-MothersDayPlanner.debug.xcconfig */;
			buildSettings = {
				ASSETCATALOG_COMPILER_APPICON_NAME = AppIcon;
				CODE_SIGN_IDENTITY = "iPhone Developer";
				INFOPLIST_FILE = MothersDayPlanner/Info.plist;
				IPHONEOS_DEPLOYMENT_TARGET = 9.2;
				LD_RUNPATH_SEARCH_PATHS = "$(inherited) @executable_path/Frameworks";
				PRODUCT_BUNDLE_IDENTIFIER = com.vlgusakov.MothersDayPlanner;
				PRODUCT_NAME = "$(TARGET_NAME)";
			};
			name = Debug;
		};
		B3A423251CDBABDB006E0D1B /* Release */ = {
			isa = XCBuildConfiguration;
			baseConfigurationReference = 580C6AFD74138A863CC8DEEA /* Pods-MothersDayPlanner.release.xcconfig */;
			buildSettings = {
				ASSETCATALOG_COMPILER_APPICON_NAME = AppIcon;
				CODE_SIGN_IDENTITY = "iPhone Developer";
				INFOPLIST_FILE = MothersDayPlanner/Info.plist;
				IPHONEOS_DEPLOYMENT_TARGET = 9.2;
				LD_RUNPATH_SEARCH_PATHS = "$(inherited) @executable_path/Frameworks";
				PRODUCT_BUNDLE_IDENTIFIER = com.vlgusakov.MothersDayPlanner;
				PRODUCT_NAME = "$(TARGET_NAME)";
			};
			name = Release;
		};
/* End XCBuildConfiguration section */

/* Begin XCConfigurationList section */
		B3A423071CDBABDB006E0D1B /* Build configuration list for PBXProject "MothersDayPlanner" */ = {
			isa = XCConfigurationList;
			buildConfigurations = (
				B3A423211CDBABDB006E0D1B /* Debug */,
				B3A423221CDBABDB006E0D1B /* Release */,
			);
			defaultConfigurationIsVisible = 0;
			defaultConfigurationName = Release;
		};
		B3A423231CDBABDB006E0D1B /* Build configuration list for PBXNativeTarget "MothersDayPlanner" */ = {
			isa = XCConfigurationList;
			buildConfigurations = (
				B3A423241CDBABDB006E0D1B /* Debug */,
				B3A423251CDBABDB006E0D1B /* Release */,
			);
			defaultConfigurationIsVisible = 0;
			defaultConfigurationName = Release;
		};
/* End XCConfigurationList section */
	};
	rootObject = B3A423041CDBABDB006E0D1B /* Project object */;
}
